
Microsoft Visual Studio Solution File, Format Version 12.00
# Visual Studio 15
VisualStudioVersion = 15.0.26430.15
MinimumVisualStudioVersion = 10.0.40219.1
Project("{9A19103F-16F7-4668-BE54-9A1E7A4F7556}") = "RockPaperScissors", "RockPaperScissors\RockPaperScissors.csproj", "{2D72D506-BD6B-49AC-A028-CDF5E1DFD719}"
EndProject
Project("{00D1A9C2-B5F0-4AF3-8072-F6C62B433612}") = "RockPaperScissorsDB", "RockPaperScissorsDB\RockPaperScissorsDB.sqlproj", "{36519C84-FAF9-4E0B-811C-B2BD60BC34C2}"
EndProject
Global
	GlobalSection(SolutionConfigurationPlatforms) = preSolution
		Debug|Any CPU = Debug|Any CPU
		Release|Any CPU = Release|Any CPU
	EndGlobalSection
	GlobalSection(ProjectConfigurationPlatforms) = postSolution
		{2D72D506-BD6B-49AC-A028-CDF5E1DFD719}.Debug|Any CPU.ActiveCfg = Debug|Any CPU
		{2D72D506-BD6B-49AC-A028-CDF5E1DFD719}.Debug|Any CPU.Build.0 = Debug|Any CPU
		{2D72D506-BD6B-49AC-A028-CDF5E1DFD719}.Release|Any CPU.ActiveCfg = Release|Any CPU
		{2D72D506-BD6B-49AC-A028-CDF5E1DFD719}.Release|Any CPU.Build.0 = Release|Any CPU
		{36519C84-FAF9-4E0B-811C-B2BD60BC34C2}.Debug|Any CPU.ActiveCfg = Debug|Any CPU
		{36519C84-FAF9-4E0B-811C-B2BD60BC34C2}.Debug|Any CPU.Build.0 = Debug|Any CPU
		{36519C84-FAF9-4E0B-811C-B2BD60BC34C2}.Debug|Any CPU.Deploy.0 = Debug|Any CPU
		{36519C84-FAF9-4E0B-811C-B2BD60BC34C2}.Release|Any CPU.ActiveCfg = Release|Any CPU
		{36519C84-FAF9-4E0B-811C-B2BD60BC34C2}.Release|Any CPU.Build.0 = Release|Any CPU
		{36519C84-FAF9-4E0B-811C-B2BD60BC34C2}.Release|Any CPU.Deploy.0 = Release|Any CPU
	EndGlobalSection
	GlobalSection(SolutionProperties) = preSolution
		HideSolutionNode = FALSE
	EndGlobalSection
EndGlobal
